
Microsoft Visual Studio Solution File, Format Version 12.00
# Visual Studio Version 17
VisualStudioVersion = 17.10.35122.118
MinimumVisualStudioVersion = 10.0.40219.1
Project("{FAE04EC0-301F-11D3-BF4B-00C04F79EFBC}") = "WeaponClientApi", "WeaponClientApi.csproj", "{445DC5A0-3A89-41EC-ADFB-1A85FCBD7D46}"
EndProject
Project("{2150E333-8FDC-42A3-9474-1A3956D46DE8}") = "Элементы решения", "Элементы решения", "{3D97BE51-7710-46D1-8EAD-779EF2868755}"
	ProjectSection(SolutionItems) = preProject
		ProductsFunction.cs = ProductsFunction.cs
		Program.cs = Program.cs
	EndProjectSection
EndProject
Global
	GlobalSection(SolutionConfigurationPlatforms) = preSolution
		Debug|Any CPU = Debug|Any CPU
		Release|Any CPU = Release|Any CPU
	EndGlobalSection
	GlobalSection(ProjectConfigurationPlatforms) = postSolution
		{445DC5A0-3A89-41EC-ADFB-1A85FCBD7D46}.Debug|Any CPU.ActiveCfg = Debug|Any CPU
		{445DC5A0-3A89-41EC-ADFB-1A85FCBD7D46}.Debug|Any CPU.Build.0 = Debug|Any CPU
		{445DC5A0-3A89-41EC-ADFB-1A85FCBD7D46}.Release|Any CPU.ActiveCfg = Release|Any CPU
		{445DC5A0-3A89-41EC-ADFB-1A85FCBD7D46}.Release|Any CPU.Build.0 = Release|Any CPU
	EndGlobalSection
	GlobalSection(SolutionProperties) = preSolution
		HideSolutionNode = FALSE
	EndGlobalSection
	GlobalSection(ExtensibilityGlobals) = postSolution
		SolutionGuid = {4E072CA9-0D9F-4B74-BBBB-BE6D8672E852}
	EndGlobalSection
EndGlobal
